Microsoft Visual Studio Solution File, Format Version 11.00
# Visual Studio 2008

Project("{246A25B7-37E1-B5AD-BC35-9E19E38691F4}") = "Triqui", "Assembly-CSharp.csproj", "{90AC21B4-A385-819A-8317-3BCBC65D40A1}"
EndProject
Project("{246A25B7-37E1-B5AD-BC35-9E19E38691F4}") = "Triqui", "Assembly-CSharp-Editor.csproj", "{66F55622-E028-29AC-1A40-06A72409F4EB}"
EndProject
Global
	GlobalSection(SolutionConfigurationPlatforms) = preSolution
		Debug|Any CPU = Debug|Any CPU
		Release|Any CPU = Release|Any CPU
	EndGlobalSection
	GlobalSection(ProjectConfigurationPlatforms) = postSolution
		{90AC21B4-A385-819A-8317-3BCBC65D40A1}.Debug|Any CPU.ActiveCfg = Debug|Any CPU
		{90AC21B4-A385-819A-8317-3BCBC65D40A1}.Debug|Any CPU.Build.0 = Debug|Any CPU
		{90AC21B4-A385-819A-8317-3BCBC65D40A1}.Release|Any CPU.ActiveCfg = Release|Any CPU
		{90AC21B4-A385-819A-8317-3BCBC65D40A1}.Release|Any CPU.Build.0 = Release|Any CPU
		{66F55622-E028-29AC-1A40-06A72409F4EB}.Debug|Any CPU.ActiveCfg = Debug|Any CPU
		{66F55622-E028-29AC-1A40-06A72409F4EB}.Debug|Any CPU.Build.0 = Debug|Any CPU
		{66F55622-E028-29AC-1A40-06A72409F4EB}.Release|Any CPU.ActiveCfg = Release|Any CPU
		{66F55622-E028-29AC-1A40-06A72409F4EB}.Release|Any CPU.Build.0 = Release|Any CPU
	EndGlobalSection
	GlobalSection(SolutionProperties) = preSolution
		HideSolutionNode = FALSE
	EndGlobalSection
	GlobalSection(MonoDevelopProperties) = preSolution
		StartupItem = Assembly-CSharp.csproj
	EndGlobalSection
EndGlobal
